Microsoft Visual Studio Solution File, Format Version 12.00
# Visual Studio Version 16
VisualStudioVersion = 16.0.28729.10
MinimumVisualStudioVersion = 10.0.40219.1
Project("{FAE04EC0-301F-11D3-BF4B-00C04F79EFBC}") = "HttpSpike", "HttpSpike\HttpSpike.csproj", "{A28E3810-62C8-400D-9273-9A4FAC5F5A74}"
EndProject
Project("{2150E333-8FDC-42A3-9474-1A3956D46DE8}") = "Solution Items", "Solution Items", "{EB802F83-E581-4C4B-9B16-7D00D66C9329}"
	ProjectSection(SolutionItems) = preProject
		GCop.json = GCop.json
	EndProjectSection
EndProject
Project("{FAE04EC0-301F-11D3-BF4B-00C04F79EFBC}") = "DownloadExtractLib", "DownloadExtractLib\DownloadExtractLib.csproj", "{2556A7BF-4BA9-4703-A814-578568603D20}"
EndProject
Project("{FAE04EC0-301F-11D3-BF4B-00C04F79EFBC}") = "DownloadExtractLibTest", "DownloadExtractLibTest\DownloadExtractLibTest.csproj", "{F1CC0515-A93F-4800-AE71-AC992B667802}"
	ProjectSection(ProjectDependencies) = postProject
		{2556A7BF-4BA9-4703-A814-578568603D20} = {2556A7BF-4BA9-4703-A814-578568603D20}
	EndProjectSection
EndProject
Project("{FAE04EC0-301F-11D3-BF4B-00C04F79EFBC}") = "SimpleCmd", "SimpleCmd\SimpleCmd.csproj", "{ED455BF5-60F3-4696-ACC1-877B0C7F0656}"
EndProject
Project("{FAE04EC0-301F-11D3-BF4B-00C04F79EFBC}") = "KissFW", "KissFW\KissFW.csproj", "{4E4468F9-09F4-4E88-8928-4734C019CA1F}"
EndProject
Project("{00D1A9C2-B5F0-4AF3-8072-F6C62B433612}") = "WebDbDesign", "WebProj\WebDbDesign.sqlproj", "{8D4BA62E-0436-429B-AEFC-636D182F5398}"
EndProject
Project("{FAE04EC0-301F-11D3-BF4B-00C04F79EFBC}") = "WebLib", "WebLib\WebLib.csproj", "{7C530A6C-A1DC-4386-9B94-65C507BE2DE8}"
EndProject
Project("{FAE04EC0-301F-11D3-BF4B-00C04F79EFBC}") = "WebStore", "WebStore\WebStore.csproj", "{5C177B38-9C9F-46E6-89CA-FBE0EB6445C5}"
EndProject
Project("{FAE04EC0-301F-11D3-BF4B-00C04F79EFBC}") = "Infrastructure", "Infrastructure\Infrastructure.csproj", "{D39A2223-3081-4AA3-A91B-4FAFF8DBE6F9}"
EndProject
Project("{FAE04EC0-301F-11D3-BF4B-00C04F79EFBC}") = "HapLib", "HapParser\HapLib.csproj", "{9FA61B49-AF69-4714-B6ED-BA075ACC523C}"
EndProject
Project("{FAE04EC0-301F-11D3-BF4B-00C04F79EFBC}") = "UrlStd", "UrlStd\UrlStd.csproj", "{94D73176-C2A8-4E85-BC14-BCDAAB136DB4}"
EndProject
Project("{FAE04EC0-301F-11D3-BF4B-00C04F79EFBC}") = "Data6", "Data6\Data6.csproj", "{F2BF2E96-0F93-4D16-8B03-0367D5E520C0}"
EndProject
Project("{FAE04EC0-301F-11D3-BF4B-00C04F79EFBC}") = "Data7", "Data7\Data7.csproj", "{1AA2AFD6-BE31-4530-B05F-93F4D929B661}"
EndProject
Global
	GlobalSection(SolutionConfigurationPlatforms) = preSolution
		Debug|Any CPU = Debug|Any CPU
		Release|Any CPU = Release|Any CPU
	EndGlobalSection
	GlobalSection(ProjectConfigurationPlatforms) = postSolution
		{A28E3810-62C8-400D-9273-9A4FAC5F5A74}.Debug|Any CPU.ActiveCfg = Debug|Any CPU
		{A28E3810-62C8-400D-9273-9A4FAC5F5A74}.Debug|Any CPU.Build.0 = Debug|Any CPU
		{A28E3810-62C8-400D-9273-9A4FAC5F5A74}.Release|Any CPU.ActiveCfg = Release|Any CPU
		{A28E3810-62C8-400D-9273-9A4FAC5F5A74}.Release|Any CPU.Build.0 = Release|Any CPU
		{2556A7BF-4BA9-4703-A814-578568603D20}.Debug|Any CPU.ActiveCfg = Debug|Any CPU
		{2556A7BF-4BA9-4703-A814-578568603D20}.Debug|Any CPU.Build.0 = Debug|Any CPU
		{2556A7BF-4BA9-4703-A814-578568603D20}.Release|Any CPU.ActiveCfg = Release|Any CPU
		{2556A7BF-4BA9-4703-A814-578568603D20}.Release|Any CPU.Build.0 = Release|Any CPU
		{F1CC0515-A93F-4800-AE71-AC992B667802}.Debug|Any CPU.ActiveCfg = Debug|Any CPU
		{F1CC0515-A93F-4800-AE71-AC992B667802}.Debug|Any CPU.Build.0 = Debug|Any CPU
		{F1CC0515-A93F-4800-AE71-AC992B667802}.Release|Any CPU.ActiveCfg = Release|Any CPU
		{F1CC0515-A93F-4800-AE71-AC992B667802}.Release|Any CPU.Build.0 = Release|Any CPU
		{ED455BF5-60F3-4696-ACC1-877B0C7F0656}.Debug|Any CPU.ActiveCfg = Debug|Any CPU
		{ED455BF5-60F3-4696-ACC1-877B0C7F0656}.Debug|Any CPU.Build.0 = Debug|Any CPU
		{ED455BF5-60F3-4696-ACC1-877B0C7F0656}.Release|Any CPU.ActiveCfg = Release|Any CPU
		{ED455BF5-60F3-4696-ACC1-877B0C7F0656}.Release|Any CPU.Build.0 = Release|Any CPU
		{4E4468F9-09F4-4E88-8928-4734C019CA1F}.Debug|Any CPU.ActiveCfg = Debug|Any CPU
		{4E4468F9-09F4-4E88-8928-4734C019CA1F}.Debug|Any CPU.Build.0 = Debug|Any CPU
		{4E4468F9-09F4-4E88-8928-4734C019CA1F}.Release|Any CPU.ActiveCfg = Release|Any CPU
		{4E4468F9-09F4-4E88-8928-4734C019CA1F}.Release|Any CPU.Build.0 = Release|Any CPU
		{8D4BA62E-0436-429B-AEFC-636D182F5398}.Debug|Any CPU.ActiveCfg = Debug|Any CPU
		{8D4BA62E-0436-429B-AEFC-636D182F5398}.Debug|Any CPU.Build.0 = Debug|Any CPU
		{8D4BA62E-0436-429B-AEFC-636D182F5398}.Debug|Any CPU.Deploy.0 = Debug|Any CPU
		{8D4BA62E-0436-429B-AEFC-636D182F5398}.Release|Any CPU.ActiveCfg = Release|Any CPU
		{8D4BA62E-0436-429B-AEFC-636D182F5398}.Release|Any CPU.Build.0 = Release|Any CPU
		{8D4BA62E-0436-429B-AEFC-636D182F5398}.Release|Any CPU.Deploy.0 = Release|Any CPU
		{7C530A6C-A1DC-4386-9B94-65C507BE2DE8}.Debug|Any CPU.ActiveCfg = Debug|Any CPU
		{7C530A6C-A1DC-4386-9B94-65C507BE2DE8}.Debug|Any CPU.Build.0 = Debug|Any CPU
		{7C530A6C-A1DC-4386-9B94-65C507BE2DE8}.Release|Any CPU.ActiveCfg = Release|Any CPU
		{7C530A6C-A1DC-4386-9B94-65C507BE2DE8}.Release|Any CPU.Build.0 = Release|Any CPU
		{5C177B38-9C9F-46E6-89CA-FBE0EB6445C5}.Debug|Any CPU.ActiveCfg = Debug|Any CPU
		{5C177B38-9C9F-46E6-89CA-FBE0EB6445C5}.Debug|Any CPU.Build.0 = Debug|Any CPU
		{5C177B38-9C9F-46E6-89CA-FBE0EB6445C5}.Release|Any CPU.ActiveCfg = Release|Any CPU
		{5C177B38-9C9F-46E6-89CA-FBE0EB6445C5}.Release|Any CPU.Build.0 = Release|Any CPU
		{D39A2223-3081-4AA3-A91B-4FAFF8DBE6F9}.Debug|Any CPU.ActiveCfg = Debug|Any CPU
		{D39A2223-3081-4AA3-A91B-4FAFF8DBE6F9}.Debug|Any CPU.Build.0 = Debug|Any CPU
		{D39A2223-3081-4AA3-A91B-4FAFF8DBE6F9}.Release|Any CPU.ActiveCfg = Release|Any CPU
		{D39A2223-3081-4AA3-A91B-4FAFF8DBE6F9}.Release|Any CPU.Build.0 = Release|Any CPU
		{9FA61B49-AF69-4714-B6ED-BA075ACC523C}.Debug|Any CPU.ActiveCfg = Debug|Any CPU
		{9FA61B49-AF69-4714-B6ED-BA075ACC523C}.Debug|Any CPU.Build.0 = Debug|Any CPU
		{9FA61B49-AF69-4714-B6ED-BA075ACC523C}.Release|Any CPU.ActiveCfg = Release|Any CPU
		{9FA61B49-AF69-4714-B6ED-BA075ACC523C}.Release|Any CPU.Build.0 = Release|Any CPU
		{94D73176-C2A8-4E85-BC14-BCDAAB136DB4}.Debug|Any CPU.ActiveCfg = Debug|Any CPU
		{94D73176-C2A8-4E85-BC14-BCDAAB136DB4}.Debug|Any CPU.Build.0 = Debug|Any CPU
		{94D73176-C2A8-4E85-BC14-BCDAAB136DB4}.Release|Any CPU.ActiveCfg = Release|Any CPU
		{94D73176-C2A8-4E85-BC14-BCDAAB136DB4}.Release|Any CPU.Build.0 = Release|Any CPU
		{F2BF2E96-0F93-4D16-8B03-0367D5E520C0}.Debug|Any CPU.ActiveCfg = Debug|Any CPU
		{F2BF2E96-0F93-4D16-8B03-0367D5E520C0}.Debug|Any CPU.Build.0 = Debug|Any CPU
		{F2BF2E96-0F93-4D16-8B03-0367D5E520C0}.Release|Any CPU.ActiveCfg = Release|Any CPU
		{F2BF2E96-0F93-4D16-8B03-0367D5E520C0}.Release|Any CPU.Build.0 = Release|Any CPU
		{1AA2AFD6-BE31-4530-B05F-93F4D929B661}.Debug|Any CPU.ActiveCfg = Debug|Any CPU
		{1AA2AFD6-BE31-4530-B05F-93F4D929B661}.Debug|Any CPU.Build.0 = Debug|Any CPU
		{1AA2AFD6-BE31-4530-B05F-93F4D929B661}.Release|Any CPU.ActiveCfg = Release|Any CPU
		{1AA2AFD6-BE31-4530-B05F-93F4D929B661}.Release|Any CPU.Build.0 = Release|Any CPU
	EndGlobalSection
	GlobalSection(SolutionProperties) = preSolution
		HideSolutionNode = FALSE
	EndGlobalSection
	GlobalSection(ExtensibilityGlobals) = postSolution
		SolutionGuid = {1378CB5F-9791-4FF1-ACDB-80CFA6100467}
	EndGlobalSection
EndGlobal
